
Microsoft Visual Studio Solution File, Format Version 12.00
# Visual Studio 15
VisualStudioVersion = 15.0.27703.2018
MinimumVisualStudioVersion = 10.0.40219.1
Project("{FAE04EC0-301F-11D3-BF4B-00C04F79EFBC}") = "boonservice", "boonservice\boonservice.csproj", "{A11A2892-7A50-40C3-878C-5351FBDF67D2}"
EndProject
Project("{FAE04EC0-301F-11D3-BF4B-00C04F79EFBC}") = "boonservice.api", "boonservice.api\boonservice.api.csproj", "{A1576B21-300E-4BC4-982E-10BABBAB8FA5}"
EndProject
Global
	GlobalSection(SolutionConfigurationPlatforms) = preSolution
		Debug|Any CPU = Debug|Any CPU
		Release|Any CPU = Release|Any CPU
	EndGlobalSection
	GlobalSection(ProjectConfigurationPlatforms) = postSolution
		{A11A2892-7A50-40C3-878C-5351FBDF67D2}.Debug|Any CPU.ActiveCfg = Debug|Any CPU
		{A11A2892-7A50-40C3-878C-5351FBDF67D2}.Debug|Any CPU.Build.0 = Debug|Any CPU
		{A11A2892-7A50-40C3-878C-5351FBDF67D2}.Release|Any CPU.ActiveCfg = Release|Any CPU
		{A11A2892-7A50-40C3-878C-5351FBDF67D2}.Release|Any CPU.Build.0 = Release|Any CPU
		{A1576B21-300E-4BC4-982E-10BABBAB8FA5}.Debug|Any CPU.ActiveCfg = Debug|Any CPU
		{A1576B21-300E-4BC4-982E-10BABBAB8FA5}.Debug|Any CPU.Build.0 = Debug|Any CPU
		{A1576B21-300E-4BC4-982E-10BABBAB8FA5}.Release|Any CPU.ActiveCfg = Release|Any CPU
		{A1576B21-300E-4BC4-982E-10BABBAB8FA5}.Release|Any CPU.Build.0 = Release|Any CPU
	EndGlobalSection
	GlobalSection(SolutionProperties) = preSolution
		HideSolutionNode = FALSE
	EndGlobalSection
	GlobalSection(ExtensibilityGlobals) = postSolution
		SolutionGuid = {A7A35447-CDAE-4668-9842-AD55A5D2905F}
	EndGlobalSection
EndGlobal
